
Microsoft Visual Studio Solution File, Format Version 12.00
# Visual Studio Version 17
VisualStudioVersion = 17.11.35222.181
MinimumVisualStudioVersion = 10.0.40219.1
Project("{9A19103F-16F7-4668-BE54-9A1E7A4F7556}") = "Introduction.WebAPI", "Introduction.WebAPI\Introduction.WebAPI.csproj", "{DDE95BFF-933A-4854-A5DE-9306F0BEBC9B}"
EndProject
Project("{9A19103F-16F7-4668-BE54-9A1E7A4F7556}") = "Introduction.Service", "Introduction.Service\Introduction.Service.csproj", "{44228DD6-1261-4471-98C8-EEACE04ECCCF}"
EndProject
Project("{9A19103F-16F7-4668-BE54-9A1E7A4F7556}") = "Introduction.Repository", "Introduction.Repository\Introduction.Repository.csproj", "{34D20D93-33FD-41CF-8132-1DEF44F281E9}"
EndProject
Project("{9A19103F-16F7-4668-BE54-9A1E7A4F7556}") = "Introduction.Repository.Common", "Introduction.Repository.Common\Introduction.Repository.Common.csproj", "{A650B7A2-5DB3-40D7-AC11-227CAC2DFBB4}"
EndProject
Project("{9A19103F-16F7-4668-BE54-9A1E7A4F7556}") = "Introduction.Service.Common", "Introduction.Service.Common\Introduction.Service.Common.csproj", "{564D4DD1-3FD9-42BC-B796-4F44E247B34D}"
EndProject
Project("{9A19103F-16F7-4668-BE54-9A1E7A4F7556}") = "Introduction.Model", "Introduction.Model\Introduction.Model.csproj", "{86C76EED-75C2-4450-9E76-1813F7C16A92}"
EndProject
Project("{9A19103F-16F7-4668-BE54-9A1E7A4F7556}") = "Introduction.Common", "Introduction.Common\Introduction.Common.csproj", "{7992720C-FD36-4534-9364-7C5A25444C36}"
EndProject
Global
	GlobalSection(SolutionConfigurationPlatforms) = preSolution
		Debug|Any CPU = Debug|Any CPU
		Release|Any CPU = Release|Any CPU
	EndGlobalSection
	GlobalSection(ProjectConfigurationPlatforms) = postSolution
		{DDE95BFF-933A-4854-A5DE-9306F0BEBC9B}.Debug|Any CPU.ActiveCfg = Debug|Any CPU
		{DDE95BFF-933A-4854-A5DE-9306F0BEBC9B}.Debug|Any CPU.Build.0 = Debug|Any CPU
		{DDE95BFF-933A-4854-A5DE-9306F0BEBC9B}.Release|Any CPU.ActiveCfg = Release|Any CPU
		{DDE95BFF-933A-4854-A5DE-9306F0BEBC9B}.Release|Any CPU.Build.0 = Release|Any CPU
		{44228DD6-1261-4471-98C8-EEACE04ECCCF}.Debug|Any CPU.ActiveCfg = Debug|Any CPU
		{44228DD6-1261-4471-98C8-EEACE04ECCCF}.Debug|Any CPU.Build.0 = Debug|Any CPU
		{44228DD6-1261-4471-98C8-EEACE04ECCCF}.Release|Any CPU.ActiveCfg = Release|Any CPU
		{44228DD6-1261-4471-98C8-EEACE04ECCCF}.Release|Any CPU.Build.0 = Release|Any CPU
		{34D20D93-33FD-41CF-8132-1DEF44F281E9}.Debug|Any CPU.ActiveCfg = Debug|Any CPU
		{34D20D93-33FD-41CF-8132-1DEF44F281E9}.Debug|Any CPU.Build.0 = Debug|Any CPU
		{34D20D93-33FD-41CF-8132-1DEF44F281E9}.Release|Any CPU.ActiveCfg = Release|Any CPU
		{34D20D93-33FD-41CF-8132-1DEF44F281E9}.Release|Any CPU.Build.0 = Release|Any CPU
		{A650B7A2-5DB3-40D7-AC11-227CAC2DFBB4}.Debug|Any CPU.ActiveCfg = Debug|Any CPU
		{A650B7A2-5DB3-40D7-AC11-227CAC2DFBB4}.Debug|Any CPU.Build.0 = Debug|Any CPU
		{A650B7A2-5DB3-40D7-AC11-227CAC2DFBB4}.Release|Any CPU.ActiveCfg = Release|Any CPU
		{A650B7A2-5DB3-40D7-AC11-227CAC2DFBB4}.Release|Any CPU.Build.0 = Release|Any CPU
		{564D4DD1-3FD9-42BC-B796-4F44E247B34D}.Debug|Any CPU.ActiveCfg = Debug|Any CPU
		{564D4DD1-3FD9-42BC-B796-4F44E247B34D}.Debug|Any CPU.Build.0 = Debug|Any CPU
		{564D4DD1-3FD9-42BC-B796-4F44E247B34D}.Release|Any CPU.ActiveCfg = Release|Any CPU
		{564D4DD1-3FD9-42BC-B796-4F44E247B34D}.Release|Any CPU.Build.0 = Release|Any CPU
		{86C76EED-75C2-4450-9E76-1813F7C16A92}.Debug|Any CPU.ActiveCfg = Debug|Any CPU
		{86C76EED-75C2-4450-9E76-1813F7C16A92}.Debug|Any CPU.Build.0 = Debug|Any CPU
		{86C76EED-75C2-4450-9E76-1813F7C16A92}.Release|Any CPU.ActiveCfg = Release|Any CPU
		{86C76EED-75C2-4450-9E76-1813F7C16A92}.Release|Any CPU.Build.0 = Release|Any CPU
		{7992720C-FD36-4534-9364-7C5A25444C36}.Debug|Any CPU.ActiveCfg = Debug|Any CPU
		{7992720C-FD36-4534-9364-7C5A25444C36}.Debug|Any CPU.Build.0 = Debug|Any CPU
		{7992720C-FD36-4534-9364-7C5A25444C36}.Release|Any CPU.ActiveCfg = Release|Any CPU
		{7992720C-FD36-4534-9364-7C5A25444C36}.Release|Any CPU.Build.0 = Release|Any CPU
	EndGlobalSection
	GlobalSection(SolutionProperties) = preSolution
		HideSolutionNode = FALSE
	EndGlobalSection
	GlobalSection(ExtensibilityGlobals) = postSolution
		SolutionGuid = {820D2901-95F3-4390-9286-E73895579B10}
	EndGlobalSection
EndGlobal
